# This file was autogenerated by Stack.
# You should not edit this file by hand.
# For more information, please see the documentation at:
#   https://docs.haskellstack.org/en/stable/lock_files

packages:
- completed:
    hackage: ghc-8.4.1@sha256:a0cd23fb72747a2f12d983a373cd0ac59220fd0228e14d1aedabfd86777c1ea4,14724
    pantry-tree:
      sha256: 70034ede66547d02cbba6c1ba1c45feb5736e2fb31155bed6448028b7fef74dd
      size: 34890
  original:
    hackage: ghc-8.4.1
- completed:
    hackage: bytestring-0.10.12.1@sha256:82dba4c2de4fdd8b419ed28aec2c14cfe4a3f43d1d6e2263ab26962e7398048e,6254
    pantry-tree:
      sha256: 119f151ee88539f3287276f087f2576b46a1792247e4dac288a930359710f70e
      size: 2140
  original:
    hackage: bytestring-0.10.12.1@sha256:82dba4c2de4fdd8b419ed28aec2c14cfe4a3f43d1d6e2263ab26962e7398048e,6254
- completed:
    hackage: containers-0.5.11.0@sha256:1af9da3baaddc4f4aaea016b07d4c38ddbf702ce3f0df31120531950837996b8,17308
    pantry-tree:
      sha256: febf797e5b9c013e0390cffbec266b46c68de56cd3745df6ee45d4bcff1e7cb2
      size: 4849
  original:
    hackage: containers-0.5.11.0@sha256:1af9da3baaddc4f4aaea016b07d4c38ddbf702ce3f0df31120531950837996b8,17308
- completed:
    hackage: ghc-boot-8.4.1@sha256:f11b5a11e5bc39cff9dbc00bea50e03683baacd4fdbc8812380e64b53d8707d3,1730
    pantry-tree:
      sha256: 4ab54298aa02c38135268465ccd61df23ceb643a4545b34c3f9f85a1ee3d366f
      size: 445
  original:
    hackage: ghc-boot-8.4.1@sha256:f11b5a11e5bc39cff9dbc00bea50e03683baacd4fdbc8812380e64b53d8707d3,1730
- completed:
    hackage: ghc-boot-th-8.4.1@sha256:675e02592feff6d36c8468076fdfef027bb7517cc03158c7e0434c297afe2e17,1108
    pantry-tree:
      sha256: 024570a12f0a7572873c669ce674da79556ea4f861eacb8156b9a3e3d26be406
      size: 397
  original:
    hackage: ghc-boot-th-8.4.1@sha256:675e02592feff6d36c8468076fdfef027bb7517cc03158c7e0434c297afe2e17,1108
- completed:
    hackage: ghci-8.4.1@sha256:ddad37c1cbb12c7efa6d3aef899eedd9c80e5dfa07aeb596976c6b0101e7e121,2084
    pantry-tree:
      sha256: f8e1722aa5f4fe1b06e9fb5b091934ddefed6ab8d41ea79690420706b62b3598
      size: 1054
  original:
    hackage: ghci-8.4.1@sha256:ddad37c1cbb12c7efa6d3aef899eedd9c80e5dfa07aeb596976c6b0101e7e121,2084
- completed:
    hackage: happy-1.19.12@sha256:96c64e5616354c8c05412ad8cf1f4c919502c9947d0f9313253eb75a036f9e8f,5714
    pantry-tree:
      sha256: 40486ccf355f75147882713b8b4e0cfc97a998115b73def609421460c8930162
      size: 8693
  original:
    hackage: happy-1.19.12@sha256:96c64e5616354c8c05412ad8cf1f4c919502c9947d0f9313253eb75a036f9e8f,5714
- completed:
    hackage: template-haskell-2.13.0.0@sha256:555df4a4f47d358ce35f4c0f4371aa4347081fd00288e751838141d6fc7de627,1724
    pantry-tree:
      sha256: f513144b2b69442682090a5c3303f0a0be1c465fcf0b1c14bc23af47872417ef
      size: 850
  original:
    hackage: template-haskell-2.13.0.0@sha256:555df4a4f47d358ce35f4c0f4371aa4347081fd00288e751838141d6fc7de627,1724
- completed:
    hackage: time-1.8.0.4@sha256:3f6eddf238b828eb4f82683acce1c3afe64784f0d20114239b738c123316c85c,5494
    pantry-tree:
      sha256: 1a186b21ff55d3e8f7d66ed2075bbce4dcc9ccaeef87665aa88752412f14073f
      size: 5406
  original:
    hackage: time-1.8.0.4@sha256:3f6eddf238b828eb4f82683acce1c3afe64784f0d20114239b738c123316c85c,5494
snapshots:
- completed:
    sha256: 5d1df60a0aaf19ab42eb79d5ca01ab812318a96be3925559e902e1bfd8cac569
    size: 649582
    url: https://raw.githubusercontent.com/commercialhaskell/stackage-snapshots/master/lts/20/15.yaml
  original:
    url: https://raw.githubusercontent.com/commercialhaskell/stackage-snapshots/master/lts/20/15.yaml
